{
  "version": 4,
  "terraform_version": "1.14.8",
  "serial": 3,
  "lineage": "953f6e29-29a3-7182-164e-806661dadb19",
  "outputs": {},
  "resources": [
    {
      "mode": "managed",
      "type": "github_repository",
      "name": "example",
      "provider": "provider[\"registry.terraform.io/integrations/github\"]",
      "instances": [
        {
          "status": "tainted",
          "schema_version": 1,
          "attributes": {
            "allow_auto_merge": false,
            "allow_merge_commit": true,
            "allow_rebase_merge": true,
            "allow_squash_merge": true,
            "allow_update_branch": false,
            "archive_on_destroy": null,
            "archived": false,
            "auto_init": true,
            "default_branch": "main",
            "delete_branch_on_merge": false,
            "description": "Repository created by Terraform by JOnatan Carrillo",
            "etag": "W/\"dec8fa16fbdebe53e1c5888f0a738667d74b16da4b94791538e79069f6691521\"",
            "full_name": "Jotadevv/terraform-example-Jonatan-Carrillo",
            "git_clone_url": "git://github.com/Jotadevv/terraform-example-Jonatan-Carrillo.git",
            "gitignore_template": null,
            "has_discussions": true,
            "has_downloads": true,
            "has_issues": true,
            "has_projects": false,
            "has_wiki": true,
            "homepage_url": "",
            "html_url": "https://github.com/Jotadevv/terraform-example-Jonatan-Carrillo",
            "http_clone_url": "https://github.com/Jotadevv/terraform-example-Jonatan-Carrillo.git",
            "id": "terraform-example-Jonatan-Carrillo",
            "ignore_vulnerability_alerts_during_read": null,
            "is_template": false,
            "license_template": null,
            "merge_commit_message": "PR_TITLE",
            "merge_commit_title": "MERGE_MESSAGE",
            "name": "terraform-example-Jonatan-Carrillo",
            "node_id": "R_kgDOR8gs9A",
            "pages": [],
            "primary_language": "",
            "private": false,
            "repo_id": 1204301044,
            "security_and_analysis": [
              {
                "advanced_security": [],
                "secret_scanning": [
                  {
                    "status": "enabled"
                  }
                ],
                "secret_scanning_push_protection": [
                  {
                    "status": "enabled"
                  }
                ]
              }
            ],
            "squash_merge_commit_message": "COMMIT_MESSAGES",
            "squash_merge_commit_title": "COMMIT_OR_PR_TITLE",
            "ssh_clone_url": "git@github.com:Jotadevv/terraform-example-Jonatan-Carrillo.git",
            "svn_url": "https://github.com/Jotadevv/terraform-example-Jonatan-Carrillo",
            "template": [],
            "topics": [],
            "visibility": "public",
            "vulnerability_alerts": false,
            "web_commit_signoff_required": false
          },
          "sensitive_attributes": [],
          "identity_schema_version": 0,
          "private": "eyJzY2hlbWFfdmVyc2lvbiI6IjEifQ=="
        }
      ]
    }
  ],
  "check_results": null
}
